{
  "name": "a-boc_portfolio",
  "version": "1.0.0",
  "lockfileVersion": 1,
  "requires": true,
  "dependencies": {
    "lax.js": {
      "version": "1.2.5",
      "resolved": "https://registry.npmjs.org/lax.js/-/lax.js-1.2.5.tgz",
      "integrity": "sha512-Ytf7ZUhn2YLtyYoUFT8KpoRYvzw0awTr66J0vrp4NpwPaXPp504yhvsrqtP6ZDny3/Y7UOQsWHylV9iLl3cuoQ=="
    },
    "toastify-js": {
      "version": "1.9.3",
      "resolved": "https://registry.npmjs.org/toastify-js/-/toastify-js-1.9.3.tgz",
      "integrity": "sha512-v0aXGUy6IbEBWxmoKx7ZCou00dQqEAsjJF86f8b8dNCH4O4L6iEkX3d3WRMVDirBJ+8CxQcHDZuAFD47J/imEw=="
    }
  }
}
